# THIS IS AN AUTOGENERATED FILE. DO NOT EDIT THIS FILE DIRECTLY.
# yarn lockfile v1


"@stimulus-components/carousel@^6.0.0":
  version "6.0.0"
  resolved "https://registry.yarnpkg.com/@stimulus-components/carousel/-/carousel-6.0.0.tgz#8ee0c5b78da38322c21133cbd580c0412eedca13"
  integrity sha512-Jj7lwJI9B13+Wyt6Q27G5b45w5wyjVC79RB6eIuWt9ZYMRbjPWsV2kDofpiM1wUZi7h1+xk+vAZorPPnvGd4dA==
  dependencies:
    swiper "^11.0.6"

swiper@^11.0.6:
  version "11.1.14"
  resolved "https://registry.yarnpkg.com/swiper/-/swiper-11.1.14.tgz#7901b4955c46dd0ad76fac1e9de2a69f04f34abb"
  integrity sha512-VbQLQXC04io6AoAjIUWuZwW4MSYozkcP9KjLdrsG/00Q/yiwvhz9RQyt0nHXV10hi9NVnDNy1/wv7Dzq1lkOCQ==
